{
  "object": {
    "pins": [
      {
        "package": "AEPAnalytics",
        "repositoryURL": "https://github.com/adobe/aepsdk-analytics-ios",
        "state": {
          "branch": null,
          "revision": "e85a328742d9798e3ef6f4114bc1f316079af4d9",
          "version": "3.0.1"
        }
      },
      {
        "package": "AEPAssurance",
        "repositoryURL": "https://github.com/adobe/aepsdk-assurance-ios",
        "state": {
          "branch": null,
          "revision": "97e6818ae59d3e03e87d90129cabed2421615aaf",
          "version": "3.0.0"
        }
      },
      {
        "package": "AEPCore",
        "repositoryURL": "https://github.com/adobe/aepsdk-core-ios",
        "state": {
          "branch": null,
          "revision": "14dbeef70cb1375ea86667db5571e74522ccc23f",
          "version": "3.3.0"
        }
      },
      {
        "package": "AEPEdge",
        "repositoryURL": "https://github.com/adobe/aepsdk-edge-ios.git",
        "state": {
          "branch": null,
          "revision": "d7cc5b314894a3f2294b335c3fedff409b0c94c9",
          "version": "1.1.2"
        }
      },
      {
        "package": "AEPEdgeConsent",
        "repositoryURL": "https://github.com/adobe/aepsdk-edgeconsent-ios",
        "state": {
          "branch": null,
          "revision": "8954d8f9e2c56ab51ffd0bd63a846bc1e396923b",
          "version": "1.0.0"
        }
      },
      {
        "package": "AEPEdgeIdentity",
        "repositoryURL": "https://github.com/adobe/aepsdk-edgeidentity-ios",
        "state": {
          "branch": null,
          "revision": "9c94a86e579086677a8693abb337413f373198f5",
          "version": "1.0.0"
        }
      },
      {
        "package": "AEPRulesEngine",
        "repositoryURL": "https://github.com/adobe/aepsdk-rulesengine-ios.git",
        "state": {
          "branch": null,
          "revision": "c3337be0f893db495aa497fef760e0518a1e5fe2",
          "version": "1.0.1"
        }
      },
      {
        "package": "AEPUserProfile",
        "repositoryURL": "https://github.com/adobe/aepsdk-userprofile-ios",
        "state": {
          "branch": null,
          "revision": "5fab4c979bf29d2086a6521969a9f8ad38d69062",
          "version": "3.0.1"
        }
      }
    ]
  },
  "version": 1
}
